{
  "name": "kinvey-integration-tests",
  "requires": true,
  "lockfileVersion": 1,
  "dependencies": {
    "async": {
      "version": "3.2.0",
      "resolved": "https://registry.npmjs.org/async/-/async-3.2.0.tgz",
      "integrity": "sha512-TR2mEZFVOj2pLStYxLht7TyfuRzaydfpxr3k9RpHIzMgw7A64dzsdqCxH1WJyQdoe8T10nDXd9wnEigmiuHIZw==",
      "dev": true
    },
    "axios": {
      "version": "0.19.2",
      "resolved": "https://registry.npmjs.org/axios/-/axios-0.19.2.tgz",
      "integrity": "sha512-fjgm5MvRHLhx+osE2xoekY70AhARk3a6hkN+3Io1jc00jtquGvxYlKlsFUhmUET0V5te6CcZI7lcv2Ym61mjHA==",
      "dev": true,
      "requires": {
        "follow-redirects": "1.5.10"
      }
    },
    "big-integer": {
      "version": "1.6.48",
      "resolved": "https://registry.npmjs.org/big-integer/-/big-integer-1.6.48.tgz",
      "integrity": "sha512-j51egjPa7/i+RdiRuJbPdJ2FIUYYPhvYLjzoYbcMMm62ooO6F94fETG4MTs46zPAF9Brs04OajboA/qTGuz78w==",
      "dev": true
    },
    "binstring": {
      "version": "0.2.1",
      "resolved": "https://registry.npmjs.org/binstring/-/binstring-0.2.1.tgz",
      "integrity": "sha1-ihdNMB9tVO/aVQ3Zi7TLUk6s110=",
      "dev": true
    },
    "convert-base": {
      "version": "0.1.0",
      "resolved": "https://registry.npmjs.org/convert-base/-/convert-base-0.1.0.tgz",
      "integrity": "sha1-jadOuY8ei53na9kqPc6X8dN/Mrc=",
      "dev": true
    },
    "dotenv": {
      "version": "7.0.0",
      "resolved": "https://registry.npmjs.org/dotenv/-/dotenv-7.0.0.tgz",
      "integrity": "sha512-M3NhsLbV1i6HuGzBUH8vXrtxOk+tWmzWKDMbAVSUp3Zsjm7ywFeuwrUXhmhQyRK1q5B5GGy7hcXPbj3bnfZg2g==",
      "dev": true
    },
    "follow-redirects": {
      "version": "1.5.10",
      "resolved": "https://registry.npmjs.org/follow-redirects/-/follow-redirects-1.5.10.tgz",
      "integrity": "sha512-0V5l4Cizzvqt5D44aTXbFZz+FtyXV1vrDN6qrelxtfYQKW0KO0W2T/hkE8xvGa/540LkZlkaUjO4ailYTFtHVQ==",
      "dev": true,
      "requires": {
        "debug": "=3.1.0"
      },
      "dependencies": {
        "debug": {
          "version": "3.1.0",
          "resolved": "https://registry.npmjs.org/debug/-/debug-3.1.0.tgz",
          "integrity": "sha512-OX8XqP7/1a9cqkxYw2yXss15f26NKWBpDXQd0/uK/KPqdQhxbPa994hnzjcE2VqQpDslf55723cKPUOGSmMY3g==",
          "dev": true,
          "requires": {
            "ms": "2.0.0"
          }
        },
        "ms": {
          "version": "2.0.0",
          "resolved": "https://registry.npmjs.org/ms/-/ms-2.0.0.tgz",
          "integrity": "sha1-VgiurfwAvmwpAd9fmGF4jeDVl8g=",
          "dev": true
        }
      }
    },
    "hoek": {
      "version": "3.0.4",
      "resolved": "https://registry.npmjs.org/hoek/-/hoek-3.0.4.tgz",
      "integrity": "sha1-Jorf9mu2aVxptHiaiLHghHw/MSM=",
      "dev": true
    },
    "isemail": {
      "version": "2.2.1",
      "resolved": "https://registry.npmjs.org/isemail/-/isemail-2.2.1.tgz",
      "integrity": "sha1-A1PT2aYpUQgMJiwqoKQrjqjp4qY=",
      "dev": true
    },
    "joi": {
      "version": "7.3.0",
      "resolved": "https://registry.npmjs.org/joi/-/joi-7.3.0.tgz",
      "integrity": "sha1-TZyfGBgwRECDZltbbNW4ymd5pek=",
      "dev": true,
      "requires": {
        "hoek": "3.x.x",
        "isemail": "2.x.x",
        "moment": "2.x.x",
        "topo": "2.x.x"
      }
    },
    "moment": {
      "version": "2.26.0",
      "resolved": "https://registry.npmjs.org/moment/-/moment-2.26.0.tgz",
      "integrity": "sha512-oIixUO+OamkUkwjhAVE18rAMfRJNsNe/Stid/gwHSOfHrOtw9EhAY2AHvdKZ/k/MggcYELFCJz/Sn2pL8b8JMw==",
      "dev": true
    },
    "otp.js": {
      "version": "1.2.0",
      "resolved": "https://registry.npmjs.org/otp.js/-/otp.js-1.2.0.tgz",
      "integrity": "sha512-sBKB9dvJh/WwnqsudtRYmaKpVnhG/MPA7DCtHxfj+CFmehJJzdiz9k3yE3oz4KP0RNNj+4tP547W2GdQCBJx9A==",
      "dev": true,
      "requires": {
        "big-integer": "^1.6.9",
        "binstring": "^0.2.1",
        "convert-base": "^0.1.0",
        "joi": "^7.0.1",
        "pad-component": "0.0.1",
        "qr-image": "^3.1.0",
        "thirty-two": "^1.0.1",
        "uid-safe": "^2.0.0",
        "underscore": "^1.8.3"
      }
    },
    "pad-component": {
      "version": "0.0.1",
      "resolved": "https://registry.npmjs.org/pad-component/-/pad-component-0.0.1.tgz",
      "integrity": "sha1-rR8izhvw/cDW3dkIrxfzUaQEuKw=",
      "dev": true
    },
    "qr-image": {
      "version": "3.2.0",
      "resolved": "https://registry.npmjs.org/qr-image/-/qr-image-3.2.0.tgz",
      "integrity": "sha1-n6gpW+rlDEoUnPn5CaHbRkqGcug=",
      "dev": true
    },
    "random-bytes": {
      "version": "1.0.0",
      "resolved": "https://registry.npmjs.org/random-bytes/-/random-bytes-1.0.0.tgz",
      "integrity": "sha1-T2ih3Arli9P7lYSMMDJNt11kNgs=",
      "dev": true
    },
    "thirty-two": {
      "version": "1.0.2",
      "resolved": "https://registry.npmjs.org/thirty-two/-/thirty-two-1.0.2.tgz",
      "integrity": "sha1-TKL//AKlEpDSdEueP1V2k8prYno=",
      "dev": true
    },
    "topo": {
      "version": "2.0.2",
      "resolved": "https://registry.npmjs.org/topo/-/topo-2.0.2.tgz",
      "integrity": "sha1-zVYVdSU5BXwNwEkaYhw7xvvh0YI=",
      "dev": true,
      "requires": {
        "hoek": "4.x.x"
      },
      "dependencies": {
        "hoek": {
          "version": "4.2.1",
          "resolved": "https://registry.npmjs.org/hoek/-/hoek-4.2.1.tgz",
          "integrity": "sha512-QLg82fGkfnJ/4iy1xZ81/9SIJiq1NGFUMGs6ParyjBZr6jW2Ufj/snDqTHixNlHdPNwN2RLVD0Pi3igeK9+JfA==",
          "dev": true
        }
      }
    },
    "uid-safe": {
      "version": "2.1.5",
      "resolved": "https://registry.npmjs.org/uid-safe/-/uid-safe-2.1.5.tgz",
      "integrity": "sha512-KPHm4VL5dDXKz01UuEd88Df+KzynaohSL9fBh096KWAxSKZQDI2uBrVqtvRM4rwrIrRRKsdLNML/lnaaVSRioA==",
      "dev": true,
      "requires": {
        "random-bytes": "~1.0.0"
      }
    },
    "underscore": {
      "version": "1.10.2",
      "resolved": "https://registry.npmjs.org/underscore/-/underscore-1.10.2.tgz",
      "integrity": "sha512-N4P+Q/BuyuEKFJ43B9gYuOj4TQUHXX+j2FqguVOpjkssLUUrnJofCcBccJSCoeturDoZU6GorDTHSvUDlSQbTg==",
      "dev": true
    }
  }
}
